
Microsoft Visual Studio Solution File, Format Version 12.00
# Visual Studio Version 16
VisualStudioVersion = 16.0.29123.88
MinimumVisualStudioVersion = 10.0.40219.1
Project("{FAE04EC0-301F-11D3-BF4B-00C04F79EFBC}") = "cw1", "cw1\cw1.csproj", "{2FE24B1F-5608-47C0-9D27-1C05E4A3325A}"
EndProject
Global
	GlobalSection(SolutionConfigurationPlatforms) = preSolution
		Debug|Any CPU = Debug|Any CPU
		Release|Any CPU = Release|Any CPU
	EndGlobalSection
	GlobalSection(ProjectConfigurationPlatforms) = postSolution
		{2FE24B1F-5608-47C0-9D27-1C05E4A3325A}.Debug|Any CPU.ActiveCfg = Debug|Any CPU
		{2FE24B1F-5608-47C0-9D27-1C05E4A3325A}.Debug|Any CPU.Build.0 = Debug|Any CPU
		{2FE24B1F-5608-47C0-9D27-1C05E4A3325A}.Release|Any CPU.ActiveCfg = Debug|Any CPU
		{2FE24B1F-5608-47C0-9D27-1C05E4A3325A}.Release|Any CPU.Build.0 = Debug|Any CPU
	EndGlobalSection
	GlobalSection(SolutionProperties) = preSolution
		HideSolutionNode = FALSE
	EndGlobalSection
	GlobalSection(ExtensibilityGlobals) = postSolution
		SolutionGuid = {EA403123-0C31-447B-8D47-F8B8305B7887}
	EndGlobalSection
EndGlobal
